
Microsoft Visual Studio Solution File, Format Version 12.00
# Visual Studio Version 17
VisualStudioVersion = 17.9.34728.123
MinimumVisualStudioVersion = 10.0.40219.1
Project("{FAE04EC0-301F-11D3-BF4B-00C04F79EFBC}") = "OpenWeatherMap_ConsoleDEMO", "OpenWeatherMap_ConsoleDEMO.csproj", "{435207EF-3787-4D10-A8B4-D105545D6BB7}"
EndProject
Global
	GlobalSection(SolutionConfigurationPlatforms) = preSolution
		Debug|Any CPU = Debug|Any CPU
		Release|Any CPU = Release|Any CPU
	EndGlobalSection
	GlobalSection(ProjectConfigurationPlatforms) = postSolution
		{435207EF-3787-4D10-A8B4-D105545D6BB7}.Debug|Any CPU.ActiveCfg = Debug|Any CPU
		{435207EF-3787-4D10-A8B4-D105545D6BB7}.Debug|Any CPU.Build.0 = Debug|Any CPU
		{435207EF-3787-4D10-A8B4-D105545D6BB7}.Release|Any CPU.ActiveCfg = Release|Any CPU
		{435207EF-3787-4D10-A8B4-D105545D6BB7}.Release|Any CPU.Build.0 = Release|Any CPU
	EndGlobalSection
	GlobalSection(SolutionProperties) = preSolution
		HideSolutionNode = FALSE
	EndGlobalSection
	GlobalSection(ExtensibilityGlobals) = postSolution
		SolutionGuid = {73103D4E-1896-484E-A81A-7F01E9D68341}
	EndGlobalSection
EndGlobal
